
Microsoft Visual Studio Solution File, Format Version 12.00
# Visual Studio Version 17
VisualStudioVersion = 17.14.36511.14 d17.14
MinimumVisualStudioVersion = 10.0.40219.1
Project("{FAE04EC0-301F-11D3-BF4B-00C04F79EFBC}") = "MijnEersteProject", "MijnEersteProject\MijnEersteProject.csproj", "{BE583AB1-D459-49E2-AFD1-936FC2D362E6}"
EndProject
Project("{FAE04EC0-301F-11D3-BF4B-00C04F79EFBC}") = "MijnEersteLibrary", "MijnEersteLibrary\MijnEersteLibrary.csproj", "{1A1CF8F9-8C47-4DA5-BEF0-C6711C8B269A}"
EndProject
Global
	GlobalSection(SolutionConfigurationPlatforms) = preSolution
		Debug|Any CPU = Debug|Any CPU
		Release|Any CPU = Release|Any CPU
	EndGlobalSection
	GlobalSection(ProjectConfigurationPlatforms) = postSolution
		{BE583AB1-D459-49E2-AFD1-936FC2D362E6}.Debug|Any CPU.ActiveCfg = Debug|Any CPU
		{BE583AB1-D459-49E2-AFD1-936FC2D362E6}.Debug|Any CPU.Build.0 = Debug|Any CPU
		{BE583AB1-D459-49E2-AFD1-936FC2D362E6}.Release|Any CPU.ActiveCfg = Release|Any CPU
		{BE583AB1-D459-49E2-AFD1-936FC2D362E6}.Release|Any CPU.Build.0 = Release|Any CPU
		{1A1CF8F9-8C47-4DA5-BEF0-C6711C8B269A}.Debug|Any CPU.ActiveCfg = Debug|Any CPU
		{1A1CF8F9-8C47-4DA5-BEF0-C6711C8B269A}.Debug|Any CPU.Build.0 = Debug|Any CPU
		{1A1CF8F9-8C47-4DA5-BEF0-C6711C8B269A}.Release|Any CPU.ActiveCfg = Release|Any CPU
		{1A1CF8F9-8C47-4DA5-BEF0-C6711C8B269A}.Release|Any CPU.Build.0 = Release|Any CPU
	EndGlobalSection
	GlobalSection(SolutionProperties) = preSolution
		HideSolutionNode = FALSE
	EndGlobalSection
	GlobalSection(ExtensibilityGlobals) = postSolution
		SolutionGuid = {27662DC2-72E4-42A1-83A0-47E28CE85ED2}
	EndGlobalSection
EndGlobal
